{
  "name": "prosemirror-messenger",
  "version": "0.1.0",
  "lockfileVersion": 1,
  "requires": true,
  "dependencies": {
    "orderedmap": {
      "version": "1.0.0",
      "resolved": "https://registry.npmjs.org/orderedmap/-/orderedmap-1.0.0.tgz",
      "integrity": "sha1-2Q/Cuh7QhRkJB9YB3sbmpT+NQbo="
    },
    "prosemirror-model": {
      "version": "1.7.1",
      "resolved": "https://registry.npmjs.org/prosemirror-model/-/prosemirror-model-1.7.1.tgz",
      "integrity": "sha512-hYrZPbJvdo2QWERmkCuS80BEf5Rcf3+S28ETr4xu8XKPYjmU6aeQn23G1Fu/2rwqUmk5ZyWYo2nyEsN+Cdv2Qg==",
      "requires": {
        "orderedmap": "1.0.0"
      }
    },
    "prosemirror-schema-basic": {
      "version": "1.0.1",
      "resolved": "https://registry.npmjs.org/prosemirror-schema-basic/-/prosemirror-schema-basic-1.0.1.tgz",
      "integrity": "sha512-LFO/+zr7RSRJ95k6QGHdAwxsTsB3xxSCphU2Xkg6hNroblUV0rYelKe6s5uM5rdyPUdTTRTPjnZWQE28YsGVcA==",
      "requires": {
        "prosemirror-model": "1.7.1"
      }
    },
    "prosemirror-state": {
      "version": "1.2.4",
      "resolved": "https://registry.npmjs.org/prosemirror-state/-/prosemirror-state-1.2.4.tgz",
      "integrity": "sha512-ViXpXond3BbSL12ENARQGq3Y8igwFMbTcy96xUNK8kfIcfQRlYlgYrBPXIkHC5+QZtbPrYlpuJ2+QyeSlSX9Cw==",
      "requires": {
        "prosemirror-model": "1.7.1",
        "prosemirror-transform": "1.1.3"
      }
    },
    "prosemirror-transform": {
      "version": "1.1.3",
      "resolved": "https://registry.npmjs.org/prosemirror-transform/-/prosemirror-transform-1.1.3.tgz",
      "integrity": "sha512-1O6Di5lOL1mp4nuCnQNkHY7l2roIW5y8RH4ZG3hMYmkmDEWzTaFFnxxAAHsE5ipGLBSRcTlP7SsDhYBIdSuLpQ==",
      "requires": {
        "prosemirror-model": "1.7.1"
      }
    },
    "prosemirror-view": {
      "version": "1.10.0",
      "resolved": "https://registry.npmjs.org/prosemirror-view/-/prosemirror-view-1.10.0.tgz",
      "integrity": "sha512-STHw0xHfk+XPMqMLTKykRL1qEMtO+n1GWINBl94IPIq82AmWO1Ors4wVw93HKo/oIadWRrP/7faNJKh1UVLrTg==",
      "requires": {
        "prosemirror-model": "1.7.1",
        "prosemirror-state": "1.2.4",
        "prosemirror-transform": "1.1.3"
      }
    }
  }
}
